
Microsoft Visual Studio Solution File, Format Version 11.00
# Visual Studio 2010
Project("{8BC9CEB8-8B4A-11D0-8D11-00A0C91BC942}") = "test", "test\test.vcxproj", "{C290DDC9-FE73-4C05-859E-D5148FB9929D}"
EndProject
Project("{8BC9CEB8-8B4A-11D0-8D11-00A0C91BC942}") = "love", "love\love.vcxproj", "{115B8534-4C76-4479-A196-CA08C753FF34}"
EndProject
Global
	GlobalSection(SolutionConfigurationPlatforms) = preSolution
		Debug|Win32 = Debug|Win32
		Release|Win32 = Release|Win32
	EndGlobalSection
	GlobalSection(ProjectConfigurationPlatforms) = postSolution
		{C290DDC9-FE73-4C05-859E-D5148FB9929D}.Debug|Win32.ActiveCfg = Debug|Win32
		{C290DDC9-FE73-4C05-859E-D5148FB9929D}.Debug|Win32.Build.0 = Debug|Win32
		{C290DDC9-FE73-4C05-859E-D5148FB9929D}.Release|Win32.ActiveCfg = Release|Win32
		{C290DDC9-FE73-4C05-859E-D5148FB9929D}.Release|Win32.Build.0 = Release|Win32
		{115B8534-4C76-4479-A196-CA08C753FF34}.Debug|Win32.ActiveCfg = Debug|Win32
		{115B8534-4C76-4479-A196-CA08C753FF34}.Debug|Win32.Build.0 = Debug|Win32
		{115B8534-4C76-4479-A196-CA08C753FF34}.Release|Win32.ActiveCfg = Release|Win32
		{115B8534-4C76-4479-A196-CA08C753FF34}.Release|Win32.Build.0 = Release|Win32
	EndGlobalSection
	GlobalSection(SolutionProperties) = preSolution
		HideSolutionNode = FALSE
	EndGlobalSection
EndGlobal
